
Microsoft Visual Studio Solution File, Format Version 12.00
# Visual Studio 15
VisualStudioVersion = 15.0.28307.271
MinimumVisualStudioVersion = 10.0.40219.1
Project("{9A19103F-16F7-4668-BE54-9A1E7A4F7556}") = "PASC", "PascAPI\PASC.csproj", "{F251F0F4-FEF5-4129-BF21-592D764EA2DF}"
EndProject
Global
	GlobalSection(SolutionConfigurationPlatforms) = preSolution
		Debug|Any CPU = Debug|Any CPU
		Release|Any CPU = Release|Any CPU
	EndGlobalSection
	GlobalSection(ProjectConfigurationPlatforms) = postSolution
		{F251F0F4-FEF5-4129-BF21-592D764EA2DF}.Debug|Any CPU.ActiveCfg = Debug|Any CPU
		{F251F0F4-FEF5-4129-BF21-592D764EA2DF}.Debug|Any CPU.Build.0 = Debug|Any CPU
		{F251F0F4-FEF5-4129-BF21-592D764EA2DF}.Release|Any CPU.ActiveCfg = Release|Any CPU
		{F251F0F4-FEF5-4129-BF21-592D764EA2DF}.Release|Any CPU.Build.0 = Release|Any CPU
	EndGlobalSection
	GlobalSection(SolutionProperties) = preSolution
		HideSolutionNode = FALSE
	EndGlobalSection
	GlobalSection(ExtensibilityGlobals) = postSolution
		SolutionGuid = {B07DF719-C96C-41CD-8614-24AF4C552B8F}
	EndGlobalSection
EndGlobal
